
Microsoft Visual Studio Solution File, Format Version 12.00
# Visual Studio Version 16
VisualStudioVersion = 16.0.29609.76
MinimumVisualStudioVersion = 10.0.40219.1
Project("{9A19103F-16F7-4668-BE54-9A1E7A4F7556}") = "Multiplication", "Homework\Multiplication.csproj", "{D83A5F91-CEAE-44E5-97A8-763BFC987FFB}"
EndProject
Project("{9A19103F-16F7-4668-BE54-9A1E7A4F7556}") = "MaxMinMedium", "MaxMinMedium\MaxMinMedium.csproj", "{A51CB9D9-216E-44A7-B370-2E8832741D0D}"
EndProject
Project("{9A19103F-16F7-4668-BE54-9A1E7A4F7556}") = "DigitsName", "DigitsName\DigitsName.csproj", "{723418FE-8393-4B66-A1C0-3A57CCFCA40B}"
EndProject
Project("{9A19103F-16F7-4668-BE54-9A1E7A4F7556}") = "MathPow", "MathPow\MathPow.csproj", "{624FE8FC-3E00-4C51-850A-086CA7649C43}"
EndProject
Project("{9A19103F-16F7-4668-BE54-9A1E7A4F7556}") = "RandomArray", "RandomArray\RandomArray.csproj", "{317FCA4E-8F09-4B95-8D7C-DFC0929F70FD}"
EndProject
Project("{9A19103F-16F7-4668-BE54-9A1E7A4F7556}") = "OutputArray", "OutputArray\OutputArray.csproj", "{4F7A8065-A7BE-41C2-9930-4237E34A2794}"
EndProject
Project("{FAE04EC0-301F-11D3-BF4B-00C04F79EFBC}") = "SearchInArray", "SearchInArray\SearchInArray.csproj", "{DBA0A138-A299-4852-B5FF-F58CDDAE9010}"
EndProject
Project("{FAE04EC0-301F-11D3-BF4B-00C04F79EFBC}") = "ComparingArrays", "ComparingArrays\ComparingArrays.csproj", "{D174B63A-7AE0-4548-B4F3-EA195E8A1308}"
EndProject
Project("{9A19103F-16F7-4668-BE54-9A1E7A4F7556}") = "SummDiagonalsOfMatrix", "SummDiagonalsOfMatrix\SummDiagonalsOfMatrix.csproj", "{B87D40BA-1D91-4675-8879-3D1EB6ECCD28}"
EndProject
Project("{9A19103F-16F7-4668-BE54-9A1E7A4F7556}") = "SearchCharacterInString14", "SearchCharacterInString14\SearchCharacterInString14.csproj", "{FF1BA733-794A-4ECD-8B58-FB657149AEAA}"
EndProject
Project("{9A19103F-16F7-4668-BE54-9A1E7A4F7556}") = "RemoveCharacterFromString15", "RemoveCharacterFromString15\RemoveCharacterFromString15.csproj", "{FA38439B-2B3E-4A3E-A0BD-1DD12C659CDC}"
EndProject
Project("{9A19103F-16F7-4668-BE54-9A1E7A4F7556}") = "SearchSubStringInString16", "SearchSubStringInString16\SearchSubStringInString16.csproj", "{D490AA5E-6477-48B8-80A7-5928544DED16}"
EndProject
Project("{9A19103F-16F7-4668-BE54-9A1E7A4F7556}") = "RemoveSubstringFromString17", "RemoveSubstringFromString17\RemoveSubstringFromString17.csproj", "{D0BBB2F0-6433-4B3C-BCAF-E9B68DD2773D}"
EndProject
Project("{FAE04EC0-301F-11D3-BF4B-00C04F79EFBC}") = "ControlWork", "ControlWork\ControlWork.csproj", "{9C25CA81-9905-42F5-8A7D-98FBE988D88E}"
EndProject
Project("{FAE04EC0-301F-11D3-BF4B-00C04F79EFBC}") = "LectOOPOne", "LectOOPOne\LectOOPOne.csproj", "{523CC9FC-A1D0-422E-8DFC-94124D1F374E}"
EndProject
Global
	GlobalSection(SolutionConfigurationPlatforms) = preSolution
		Debug|Any CPU = Debug|Any CPU
		Release|Any CPU = Release|Any CPU
	EndGlobalSection
	GlobalSection(ProjectConfigurationPlatforms) = postSolution
		{D83A5F91-CEAE-44E5-97A8-763BFC987FFB}.Debug|Any CPU.ActiveCfg = Debug|Any CPU
		{D83A5F91-CEAE-44E5-97A8-763BFC987FFB}.Debug|Any CPU.Build.0 = Debug|Any CPU
		{D83A5F91-CEAE-44E5-97A8-763BFC987FFB}.Release|Any CPU.ActiveCfg = Release|Any CPU
		{D83A5F91-CEAE-44E5-97A8-763BFC987FFB}.Release|Any CPU.Build.0 = Release|Any CPU
		{A51CB9D9-216E-44A7-B370-2E8832741D0D}.Debug|Any CPU.ActiveCfg = Debug|Any CPU
		{A51CB9D9-216E-44A7-B370-2E8832741D0D}.Debug|Any CPU.Build.0 = Debug|Any CPU
		{A51CB9D9-216E-44A7-B370-2E8832741D0D}.Release|Any CPU.ActiveCfg = Release|Any CPU
		{A51CB9D9-216E-44A7-B370-2E8832741D0D}.Release|Any CPU.Build.0 = Release|Any CPU
		{723418FE-8393-4B66-A1C0-3A57CCFCA40B}.Debug|Any CPU.ActiveCfg = Debug|Any CPU
		{723418FE-8393-4B66-A1C0-3A57CCFCA40B}.Debug|Any CPU.Build.0 = Debug|Any CPU
		{723418FE-8393-4B66-A1C0-3A57CCFCA40B}.Release|Any CPU.ActiveCfg = Release|Any CPU
		{723418FE-8393-4B66-A1C0-3A57CCFCA40B}.Release|Any CPU.Build.0 = Release|Any CPU
		{624FE8FC-3E00-4C51-850A-086CA7649C43}.Debug|Any CPU.ActiveCfg = Debug|Any CPU
		{624FE8FC-3E00-4C51-850A-086CA7649C43}.Debug|Any CPU.Build.0 = Debug|Any CPU
		{624FE8FC-3E00-4C51-850A-086CA7649C43}.Release|Any CPU.ActiveCfg = Release|Any CPU
		{624FE8FC-3E00-4C51-850A-086CA7649C43}.Release|Any CPU.Build.0 = Release|Any CPU
		{317FCA4E-8F09-4B95-8D7C-DFC0929F70FD}.Debug|Any CPU.ActiveCfg = Debug|Any CPU
		{317FCA4E-8F09-4B95-8D7C-DFC0929F70FD}.Debug|Any CPU.Build.0 = Debug|Any CPU
		{317FCA4E-8F09-4B95-8D7C-DFC0929F70FD}.Release|Any CPU.ActiveCfg = Release|Any CPU
		{317FCA4E-8F09-4B95-8D7C-DFC0929F70FD}.Release|Any CPU.Build.0 = Release|Any CPU
		{4F7A8065-A7BE-41C2-9930-4237E34A2794}.Debug|Any CPU.ActiveCfg = Debug|Any CPU
		{4F7A8065-A7BE-41C2-9930-4237E34A2794}.Debug|Any CPU.Build.0 = Debug|Any CPU
		{4F7A8065-A7BE-41C2-9930-4237E34A2794}.Release|Any CPU.ActiveCfg = Release|Any CPU
		{4F7A8065-A7BE-41C2-9930-4237E34A2794}.Release|Any CPU.Build.0 = Release|Any CPU
		{DBA0A138-A299-4852-B5FF-F58CDDAE9010}.Debug|Any CPU.ActiveCfg = Debug|Any CPU
		{DBA0A138-A299-4852-B5FF-F58CDDAE9010}.Debug|Any CPU.Build.0 = Debug|Any CPU
		{DBA0A138-A299-4852-B5FF-F58CDDAE9010}.Release|Any CPU.ActiveCfg = Release|Any CPU
		{DBA0A138-A299-4852-B5FF-F58CDDAE9010}.Release|Any CPU.Build.0 = Release|Any CPU
		{D174B63A-7AE0-4548-B4F3-EA195E8A1308}.Debug|Any CPU.ActiveCfg = Debug|Any CPU
		{D174B63A-7AE0-4548-B4F3-EA195E8A1308}.Debug|Any CPU.Build.0 = Debug|Any CPU
		{D174B63A-7AE0-4548-B4F3-EA195E8A1308}.Release|Any CPU.ActiveCfg = Release|Any CPU
		{D174B63A-7AE0-4548-B4F3-EA195E8A1308}.Release|Any CPU.Build.0 = Release|Any CPU
		{B87D40BA-1D91-4675-8879-3D1EB6ECCD28}.Debug|Any CPU.ActiveCfg = Debug|Any CPU
		{B87D40BA-1D91-4675-8879-3D1EB6ECCD28}.Debug|Any CPU.Build.0 = Debug|Any CPU
		{B87D40BA-1D91-4675-8879-3D1EB6ECCD28}.Release|Any CPU.ActiveCfg = Release|Any CPU
		{B87D40BA-1D91-4675-8879-3D1EB6ECCD28}.Release|Any CPU.Build.0 = Release|Any CPU
		{FF1BA733-794A-4ECD-8B58-FB657149AEAA}.Debug|Any CPU.ActiveCfg = Debug|Any CPU
		{FF1BA733-794A-4ECD-8B58-FB657149AEAA}.Debug|Any CPU.Build.0 = Debug|Any CPU
		{FF1BA733-794A-4ECD-8B58-FB657149AEAA}.Release|Any CPU.ActiveCfg = Release|Any CPU
		{FF1BA733-794A-4ECD-8B58-FB657149AEAA}.Release|Any CPU.Build.0 = Release|Any CPU
		{FA38439B-2B3E-4A3E-A0BD-1DD12C659CDC}.Debug|Any CPU.ActiveCfg = Debug|Any CPU
		{FA38439B-2B3E-4A3E-A0BD-1DD12C659CDC}.Debug|Any CPU.Build.0 = Debug|Any CPU
		{FA38439B-2B3E-4A3E-A0BD-1DD12C659CDC}.Release|Any CPU.ActiveCfg = Release|Any CPU
		{FA38439B-2B3E-4A3E-A0BD-1DD12C659CDC}.Release|Any CPU.Build.0 = Release|Any CPU
		{D490AA5E-6477-48B8-80A7-5928544DED16}.Debug|Any CPU.ActiveCfg = Debug|Any CPU
		{D490AA5E-6477-48B8-80A7-5928544DED16}.Debug|Any CPU.Build.0 = Debug|Any CPU
		{D490AA5E-6477-48B8-80A7-5928544DED16}.Release|Any CPU.ActiveCfg = Release|Any CPU
		{D490AA5E-6477-48B8-80A7-5928544DED16}.Release|Any CPU.Build.0 = Release|Any CPU
		{D0BBB2F0-6433-4B3C-BCAF-E9B68DD2773D}.Debug|Any CPU.ActiveCfg = Debug|Any CPU
		{D0BBB2F0-6433-4B3C-BCAF-E9B68DD2773D}.Debug|Any CPU.Build.0 = Debug|Any CPU
		{D0BBB2F0-6433-4B3C-BCAF-E9B68DD2773D}.Release|Any CPU.ActiveCfg = Release|Any CPU
		{D0BBB2F0-6433-4B3C-BCAF-E9B68DD2773D}.Release|Any CPU.Build.0 = Release|Any CPU
		{9C25CA81-9905-42F5-8A7D-98FBE988D88E}.Debug|Any CPU.ActiveCfg = Debug|Any CPU
		{9C25CA81-9905-42F5-8A7D-98FBE988D88E}.Debug|Any CPU.Build.0 = Debug|Any CPU
		{9C25CA81-9905-42F5-8A7D-98FBE988D88E}.Release|Any CPU.ActiveCfg = Release|Any CPU
		{9C25CA81-9905-42F5-8A7D-98FBE988D88E}.Release|Any CPU.Build.0 = Release|Any CPU
		{523CC9FC-A1D0-422E-8DFC-94124D1F374E}.Debug|Any CPU.ActiveCfg = Debug|Any CPU
		{523CC9FC-A1D0-422E-8DFC-94124D1F374E}.Debug|Any CPU.Build.0 = Debug|Any CPU
		{523CC9FC-A1D0-422E-8DFC-94124D1F374E}.Release|Any CPU.ActiveCfg = Release|Any CPU
		{523CC9FC-A1D0-422E-8DFC-94124D1F374E}.Release|Any CPU.Build.0 = Release|Any CPU
	EndGlobalSection
	GlobalSection(SolutionProperties) = preSolution
		HideSolutionNode = FALSE
	EndGlobalSection
	GlobalSection(ExtensibilityGlobals) = postSolution
		SolutionGuid = {EF248EAD-4532-46AF-A47C-48BAAD95F5A5}
	EndGlobalSection
EndGlobal
